// !$*UTF8*$!
{
	archiveVersion = 1;
	classes = {
	};
	objectVersion = 50;
	objects = {

/* Begin PBXBuildFile section */
		2D9DE26F058A35CB28ACD569 /* Pods_DadJokesTests.framework in Frameworks */ = {isa = PBXBuildFile; fileRef = D98CA955B0645BDCC2E5F136 /* Pods_DadJokesTests.framework */; };
		C57865BF79C401F4AD5F6D29 /* Pods_DadJokesUITests.framework in Frameworks */ = {isa = PBXBuildFile; fileRef = 2ED581279BD82ED17B8B8379 /* Pods_DadJokesUITests.framework */; };
		C85370CEA8434D9B8A218A49 /* Pods_DadJokes.framework in Frameworks */ = {isa = PBXBuildFile; fileRef = 91F9316CF659DD9EDA17DF02 /* Pods_DadJokes.framework */; };
		CAC1F9EA210F84CC00DA32F8 /* AppDelegate.swift in Sources */ = {isa = PBXBuildFile; fileRef = CAC1F9E9210F84CC00DA32F8 /* AppDelegate.swift */; };
		CAC1F9EF210F84CC00DA32F8 /* Main.storyboard in Resources */ = {isa = PBXBuildFile; fileRef = CAC1F9ED210F84CC00DA32F8 /* Main.storyboard */; };
		CAC1F9F1210F84CD00DA32F8 /* Assets.xcassets in Resources */ = {isa = PBXBuildFile; fileRef = CAC1F9F0210F84CD00DA32F8 /* Assets.xcassets */; };
		CAC1F9F4210F84CD00DA32F8 /* LaunchScreen.storyboard in Resources */ = {isa = PBXBuildFile; fileRef = CAC1F9F2210F84CD00DA32F8 /* LaunchScreen.storyboard */; };
		CAC1F9FF210F84CD00DA32F8 /* DadJokesTests.swift in Sources */ = {isa = PBXBuildFile; fileRef = CAC1F9FE210F84CD00DA32F8 /* DadJokesTests.swift */; };
		CAC1FA0A210F84CE00DA32F8 /* DadJokesUITests.swift in Sources */ = {isa = PBXBuildFile; fileRef = CAC1FA09210F84CE00DA32F8 /* DadJokesUITests.swift */; };
		CAC1FA1E210F882C00DA32F8 /* RandomJokeViewController.swift in Sources */ = {isa = PBXBuildFile; fileRef = CAC1FA1D210F882C00DA32F8 /* RandomJokeViewController.swift */; };
		CAC1FA27210F8A3B00DA32F8 /* schema.json in Resources */ = {isa = PBXBuildFile; fileRef = CAC1FA25210F8A3B00DA32F8 /* schema.json */; };
		CAC1FA29210F8B2000DA32F8 /* RandomJokeViewController.graphql in Resources */ = {isa = PBXBuildFile; fileRef = CAC1FA28210F8B2000DA32F8 /* RandomJokeViewController.graphql */; };
		CAC1FA2B210F8BA100DA32F8 /* API.swift in Sources */ = {isa = PBXBuildFile; fileRef = CAC1FA2A210F8BA100DA32F8 /* API.swift */; };
		CAC1FA2D210F8D8400DA32F8 /* Joke.swift in Sources */ = {isa = PBXBuildFile; fileRef = CAC1FA2C210F8D8400DA32F8 /* Joke.swift */; };
/* End PBXBuildFile section */

/* Begin PBXContainerItemProxy section */
		CAC1F9FB210F84CD00DA32F8 /* PBXContainerItemProxy */ = {
			isa = PBXContainerItemProxy;
			containerPortal = CAC1F9DE210F84CC00DA32F8 /* Project object */;
			proxyType = 1;
			remoteGlobalIDString = CAC1F9E5210F84CC00DA32F8;
			remoteInfo = DadJokes;
		};
		CAC1FA06210F84CE00DA32F8 /* PBXContainerItemProxy */ = {
			isa = PBXContainerItemProxy;
			containerPortal = CAC1F9DE210F84CC00DA32F8 /* Project object */;
			proxyType = 1;
			remoteGlobalIDString = CAC1F9E5210F84CC00DA32F8;
			remoteInfo = DadJokes;
		};
/* End PBXContainerItemProxy section */

/* Begin PBXFileReference section */
		0AD0CCE257213FE844071421 /* Pods-DadJokes.release.xcconfig */ = {isa = PBXFileReference; includeInIndex = 1; lastKnownFileType = text.xcconfig; name = "Pods-DadJokes.release.xcconfig"; path = "Pods/Target Support Files/Pods-DadJokes/Pods-DadJokes.release.xcconfig"; sourceTree = "<group>"; };
		2ED581279BD82ED17B8B8379 /* Pods_DadJokesUITests.framework */ = {isa = PBXFileReference; explicitFileType = wrapper.framework; includeInIndex = 0; path = Pods_DadJokesUITests.framework; sourceTree = BUILT_PRODUCTS_DIR; };
		3E40186CB7283177FC604377 /* Pods-DadJokesUITests.release.xcconfig */ = {isa = PBXFileReference; includeInIndex = 1; lastKnownFileType = text.xcconfig; name = "Pods-DadJokesUITests.release.xcconfig"; path = "Pods/Target Support Files/Pods-DadJokesUITests/Pods-DadJokesUITests.release.xcconfig"; sourceTree = "<group>"; };
		91F9316CF659DD9EDA17DF02 /* Pods_DadJokes.framework */ = {isa = PBXFileReference; explicitFileType = wrapper.framework; includeInIndex = 0; path = Pods_DadJokes.framework; sourceTree = BUILT_PRODUCTS_DIR; };
		9ACF50C33B9A87A38AC128FE /* Pods-DadJokesUITests.debug.xcconfig */ = {isa = PBXFileReference; includeInIndex = 1; lastKnownFileType = text.xcconfig; name = "Pods-DadJokesUITests.debug.xcconfig"; path = "Pods/Target Support Files/Pods-DadJokesUITests/Pods-DadJokesUITests.debug.xcconfig"; sourceTree = "<group>"; };
		9E0A70326A03199B8BEB0A51 /* Pods-DadJokes.debug.xcconfig */ = {isa = PBXFileReference; includeInIndex = 1; lastKnownFileType = text.xcconfig; name = "Pods-DadJokes.debug.xcconfig"; path = "Pods/Target Support Files/Pods-DadJokes/Pods-DadJokes.debug.xcconfig"; sourceTree = "<group>"; };
		BA4CFEA8D5098C9CD511C8A6 /* Pods-DadJokesTests.debug.xcconfig */ = {isa = PBXFileReference; includeInIndex = 1; lastKnownFileType = text.xcconfig; name = "Pods-DadJokesTests.debug.xcconfig"; path = "Pods/Target Support Files/Pods-DadJokesTests/Pods-DadJokesTests.debug.xcconfig"; sourceTree = "<group>"; };
		CAC1F9E6210F84CC00DA32F8 /* DadJokes.app */ = {isa = PBXFileReference; explicitFileType = wrapper.application; includeInIndex = 0; path = DadJokes.app; sourceTree = BUILT_PRODUCTS_DIR; };
		CAC1F9E9210F84CC00DA32F8 /* AppDelegate.swift */ = {isa = PBXFileReference; lastKnownFileType = sourcecode.swift; path = AppDelegate.swift; sourceTree = "<group>"; };
		CAC1F9EE210F84CC00DA32F8 /* Base */ = {isa = PBXFileReference; lastKnownFileType = file.storyboard; name = Base; path = Base.lproj/Main.storyboard; sourceTree = "<group>"; };
		CAC1F9F0210F84CD00DA32F8 /* Assets.xcassets */ = {isa = PBXFileReference; lastKnownFileType = folder.assetcatalog; path = Assets.xcassets; sourceTree = "<group>"; };
		CAC1F9F3210F84CD00DA32F8 /* Base */ = {isa = PBXFileReference; lastKnownFileType = file.storyboard; name = Base; path = Base.lproj/LaunchScreen.storyboard; sourceTree = "<group>"; };
		CAC1F9F5210F84CD00DA32F8 /* Info.plist */ = {isa = PBXFileReference; lastKnownFileType = text.plist.xml; path = Info.plist; sourceTree = "<group>"; };
		CAC1F9FA210F84CD00DA32F8 /* DadJokesTests.xctest */ = {isa = PBXFileReference; explicitFileType = wrapper.cfbundle; includeInIndex = 0; path = DadJokesTests.xctest; sourceTree = BUILT_PRODUCTS_DIR; };
		CAC1F9FE210F84CD00DA32F8 /* DadJokesTests.swift */ = {isa = PBXFileReference; lastKnownFileType = sourcecode.swift; path = DadJokesTests.swift; sourceTree = "<group>"; };
		CAC1FA00210F84CD00DA32F8 /* Info.plist */ = {isa = PBXFileReference; lastKnownFileType = text.plist.xml; path = Info.plist; sourceTree = "<group>"; };
		CAC1FA05210F84CE00DA32F8 /* DadJokesUITests.xctest */ = {isa = PBXFileReference; explicitFileType = wrapper.cfbundle; includeInIndex = 0; path = DadJokesUITests.xctest; sourceTree = BUILT_PRODUCTS_DIR; };
		CAC1FA09210F84CE00DA32F8 /* DadJokesUITests.swift */ = {isa = PBXFileReference; lastKnownFileType = sourcecode.swift; path = DadJokesUITests.swift; sourceTree = "<group>"; };
		CAC1FA0B210F84CE00DA32F8 /* Info.plist */ = {isa = PBXFileReference; lastKnownFileType = text.plist.xml; path = Info.plist; sourceTree = "<group>"; };
		CAC1FA1D210F882C00DA32F8 /* RandomJokeViewController.swift */ = {isa = PBXFileReference; fileEncoding = 4; lastKnownFileType = sourcecode.swift; path = RandomJokeViewController.swift; sourceTree = "<group>"; };
		CAC1FA25210F8A3B00DA32F8 /* schema.json */ = {isa = PBXFileReference; fileEncoding = 4; lastKnownFileType = text.json; path = schema.json; sourceTree = "<group>"; };
		CAC1FA28210F8B2000DA32F8 /* RandomJokeViewController.graphql */ = {isa = PBXFileReference; lastKnownFileType = text; path = RandomJokeViewController.graphql; sourceTree = "<group>"; };
		CAC1FA2A210F8BA100DA32F8 /* API.swift */ = {isa = PBXFileReference; fileEncoding = 4; lastKnownFileType = sourcecode.swift; path = API.swift; sourceTree = "<group>"; };
		CAC1FA2C210F8D8400DA32F8 /* Joke.swift */ = {isa = PBXFileReference; lastKnownFileType = sourcecode.swift; path = Joke.swift; sourceTree = "<group>"; };
		D98CA955B0645BDCC2E5F136 /* Pods_DadJokesTests.framework */ = {isa = PBXFileReference; explicitFileType = wrapper.framework; includeInIndex = 0; path = Pods_DadJokesTests.framework; sourceTree = BUILT_PRODUCTS_DIR; };
		F830047F369F596FFA665DB1 /* Pods-DadJokesTests.release.xcconfig */ = {isa = PBXFileReference; includeInIndex = 1; lastKnownFileType = text.xcconfig; name = "Pods-DadJokesTests.release.xcconfig"; path = "Pods/Target Support Files/Pods-DadJokesTests/Pods-DadJokesTests.release.xcconfig"; sourceTree = "<group>"; };
/* End PBXFileReference section */

/* Begin PBXFrameworksBuildPhase section */
		CAC1F9E3210F84CC00DA32F8 /* Frameworks */ = {
			isa = PBXFrameworksBuildPhase;
			buildActionMask = 2147483647;
			files = (
				C85370CEA8434D9B8A218A49 /* Pods_DadJokes.framework in Frameworks */,
			);
			runOnlyForDeploymentPostprocessing = 0;
		};
		CAC1F9F7210F84CD00DA32F8 /* Frameworks */ = {
			isa = PBXFrameworksBuildPhase;
			buildActionMask = 2147483647;
			files = (
				2D9DE26F058A35CB28ACD569 /* Pods_DadJokesTests.framework in Frameworks */,
			);
			runOnlyForDeploymentPostprocessing = 0;
		};
		CAC1FA02210F84CE00DA32F8 /* Frameworks */ = {
			isa = PBXFrameworksBuildPhase;
			buildActionMask = 2147483647;
			files = (
				C57865BF79C401F4AD5F6D29 /* Pods_DadJokesUITests.framework in Frameworks */,
			);
			runOnlyForDeploymentPostprocessing = 0;
		};
/* End PBXFrameworksBuildPhase section */

/* Begin PBXGroup section */
		9D964A3737043EED31EB660B /* Pods */ = {
			isa = PBXGroup;
			children = (
				9E0A70326A03199B8BEB0A51 /* Pods-DadJokes.debug.xcconfig */,
				0AD0CCE257213FE844071421 /* Pods-DadJokes.release.xcconfig */,
				BA4CFEA8D5098C9CD511C8A6 /* Pods-DadJokesTests.debug.xcconfig */,
				F830047F369F596FFA665DB1 /* Pods-DadJokesTests.release.xcconfig */,
				9ACF50C33B9A87A38AC128FE /* Pods-DadJokesUITests.debug.xcconfig */,
				3E40186CB7283177FC604377 /* Pods-DadJokesUITests.release.xcconfig */,
			);
			name = Pods;
			sourceTree = "<group>";
		};
		CAC1F9DD210F84CC00DA32F8 = {
			isa = PBXGroup;
			children = (
				CAC1F9E8210F84CC00DA32F8 /* DadJokes */,
				CAC1F9FD210F84CD00DA32F8 /* DadJokesTests */,
				CAC1FA08210F84CE00DA32F8 /* DadJokesUITests */,
				CAC1F9E7210F84CC00DA32F8 /* Products */,
				9D964A3737043EED31EB660B /* Pods */,
				D72BD20FF1C0DCDAD216AD9B /* Frameworks */,
			);
			sourceTree = "<group>";
		};
		CAC1F9E7210F84CC00DA32F8 /* Products */ = {
			isa = PBXGroup;
			children = (
				CAC1F9E6210F84CC00DA32F8 /* DadJokes.app */,
				CAC1F9FA210F84CD00DA32F8 /* DadJokesTests.xctest */,
				CAC1FA05210F84CE00DA32F8 /* DadJokesUITests.xctest */,
			);
			name = Products;
			sourceTree = "<group>";
		};
		CAC1F9E8210F84CC00DA32F8 /* DadJokes */ = {
			isa = PBXGroup;
			children = (
				CAC1FA25210F8A3B00DA32F8 /* schema.json */,
				CAC1FA18210F879600DA32F8 /* Models */,
				CAC1FA1A210F87B600DA32F8 /* Views */,
				CAC1FA1B210F87BF00DA32F8 /* View Models */,
				CAC1FA1C210F87C600DA32F8 /* View Controllers */,
				CAC1F9E9210F84CC00DA32F8 /* AppDelegate.swift */,
				CAC1FA2A210F8BA100DA32F8 /* API.swift */,
				CAC1F9ED210F84CC00DA32F8 /* Main.storyboard */,
				CAC1F9F0210F84CD00DA32F8 /* Assets.xcassets */,
				CAC1F9F2210F84CD00DA32F8 /* LaunchScreen.storyboard */,
				CAC1F9F5210F84CD00DA32F8 /* Info.plist */,
			);
			path = DadJokes;
			sourceTree = "<group>";
		};
		CAC1F9FD210F84CD00DA32F8 /* DadJokesTests */ = {
			isa = PBXGroup;
			children = (
				CAC1F9FE210F84CD00DA32F8 /* DadJokesTests.swift */,
				CAC1FA00210F84CD00DA32F8 /* Info.plist */,
			);
			path = DadJokesTests;
			sourceTree = "<group>";
		};
		CAC1FA08210F84CE00DA32F8 /* DadJokesUITests */ = {
			isa = PBXGroup;
			children = (
				CAC1FA09210F84CE00DA32F8 /* DadJokesUITests.swift */,
				CAC1FA0B210F84CE00DA32F8 /* Info.plist */,
			);
			path = DadJokesUITests;
			sourceTree = "<group>";
		};
		CAC1FA18210F879600DA32F8 /* Models */ = {
			isa = PBXGroup;
			children = (
				CAC1FA2C210F8D8400DA32F8 /* Joke.swift */,
			);
			path = Models;
			sourceTree = "<group>";
		};
		CAC1FA1A210F87B600DA32F8 /* Views */ = {
			isa = PBXGroup;
			children = (
			);
			path = Views;
			sourceTree = "<group>";
		};
		CAC1FA1B210F87BF00DA32F8 /* View Models */ = {
			isa = PBXGroup;
			children = (
			);
			path = "View Models";
			sourceTree = "<group>";
		};
		CAC1FA1C210F87C600DA32F8 /* View Controllers */ = {
			isa = PBXGroup;
			children = (
				CAC1FA1D210F882C00DA32F8 /* RandomJokeViewController.swift */,
				CAC1FA28210F8B2000DA32F8 /* RandomJokeViewController.graphql */,
			);
			path = "View Controllers";
			sourceTree = "<group>";
		};
		D72BD20FF1C0DCDAD216AD9B /* Frameworks */ = {
			isa = PBXGroup;
			children = (
				91F9316CF659DD9EDA17DF02 /* Pods_DadJokes.framework */,
				D98CA955B0645BDCC2E5F136 /* Pods_DadJokesTests.framework */,
				2ED581279BD82ED17B8B8379 /* Pods_DadJokesUITests.framework */,
			);
			name = Frameworks;
			sourceTree = "<group>";
		};
/* End PBXGroup section */

/* Begin PBXNativeTarget section */
		CAC1F9E5210F84CC00DA32F8 /* DadJokes */ = {
			isa = PBXNativeTarget;
			buildConfigurationList = CAC1FA0E210F84CE00DA32F8 /* Build configuration list for PBXNativeTarget "DadJokes" */;
			buildPhases = (
				7C9DA82FC19712B249D6A8B7 /* [CP] Check Pods Manifest.lock */,
				CAC1F9E2210F84CC00DA32F8 /* Sources */,
				CAC1F9E3210F84CC00DA32F8 /* Frameworks */,
				CAC1F9E4210F84CC00DA32F8 /* Resources */,
				6A5D9A6E60F0929CF0D2FC53 /* [CP] Embed Pods Frameworks */,
				CAC1FA17210F877700DA32F8 /* Generate GraphQL API */,
			);
			buildRules = (
			);
			dependencies = (
			);
			name = DadJokes;
			productName = DadJokes;
			productReference = CAC1F9E6210F84CC00DA32F8 /* DadJokes.app */;
			productType = "com.apple.product-type.application";
		};
		CAC1F9F9210F84CD00DA32F8 /* DadJokesTests */ = {
			isa = PBXNativeTarget;
			buildConfigurationList = CAC1FA11210F84CE00DA32F8 /* Build configuration list for PBXNativeTarget "DadJokesTests" */;
			buildPhases = (
				84F1E5DD70C3B21361D64DD2 /* [CP] Check Pods Manifest.lock */,
				CAC1F9F6210F84CD00DA32F8 /* Sources */,
				CAC1F9F7210F84CD00DA32F8 /* Frameworks */,
				CAC1F9F8210F84CD00DA32F8 /* Resources */,
			);
			buildRules = (
			);
			dependencies = (
				CAC1F9FC210F84CD00DA32F8 /* PBXTargetDependency */,
			);
			name = DadJokesTests;
			productName = DadJokesTests;
			productReference = CAC1F9FA210F84CD00DA32F8 /* DadJokesTests.xctest */;
			productType = "com.apple.product-type.bundle.unit-test";
		};
		CAC1FA04210F84CE00DA32F8 /* DadJokesUITests */ = {
			isa = PBXNativeTarget;
			buildConfigurationList = CAC1FA14210F84CE00DA32F8 /* Build configuration list for PBXNativeTarget "DadJokesUITests" */;
			buildPhases = (
				53841BF9A1D7E261BF8C1B30 /* [CP] Check Pods Manifest.lock */,
				CAC1FA01210F84CE00DA32F8 /* Sources */,
				CAC1FA02210F84CE00DA32F8 /* Frameworks */,
				CAC1FA03210F84CE00DA32F8 /* Resources */,
			);
			buildRules = (
			);
			dependencies = (
				CAC1FA07210F84CE00DA32F8 /* PBXTargetDependency */,
			);
			name = DadJokesUITests;
			productName = DadJokesUITests;
			productReference = CAC1FA05210F84CE00DA32F8 /* DadJokesUITests.xctest */;
			productType = "com.apple.product-type.bundle.ui-testing";
		};
/* End PBXNativeTarget section */

/* Begin PBXProject section */
		CAC1F9DE210F84CC00DA32F8 /* Project object */ = {
			isa = PBXProject;
			attributes = {
				LastSwiftUpdateCheck = 0940;
				LastUpgradeCheck = 0940;
				ORGANIZATIONNAME = vphong;
				TargetAttributes = {
					CAC1F9E5210F84CC00DA32F8 = {
						CreatedOnToolsVersion = 9.4.1;
					};
					CAC1F9F9210F84CD00DA32F8 = {
						CreatedOnToolsVersion = 9.4.1;
						TestTargetID = CAC1F9E5210F84CC00DA32F8;
					};
					CAC1FA04210F84CE00DA32F8 = {
						CreatedOnToolsVersion = 9.4.1;
						TestTargetID = CAC1F9E5210F84CC00DA32F8;
					};
				};
			};
			buildConfigurationList = CAC1F9E1210F84CC00DA32F8 /* Build configuration list for PBXProject "DadJokes" */;
			compatibilityVersion = "Xcode 9.3";
			developmentRegion = en;
			hasScannedForEncodings = 0;
			knownRegions = (
				en,
				Base,
			);
			mainGroup = CAC1F9DD210F84CC00DA32F8;
			productRefGroup = CAC1F9E7210F84CC00DA32F8 /* Products */;
			projectDirPath = "";
			projectRoot = "";
			targets = (
				CAC1F9E5210F84CC00DA32F8 /* DadJokes */,
				CAC1F9F9210F84CD00DA32F8 /* DadJokesTests */,
				CAC1FA04210F84CE00DA32F8 /* DadJokesUITests */,
			);
		};
/* End PBXProject section */

/* Begin PBXResourcesBuildPhase section */
		CAC1F9E4210F84CC00DA32F8 /* Resources */ = {
			isa = PBXResourcesBuildPhase;
			buildActionMask = 2147483647;
			files = (
				CAC1FA27210F8A3B00DA32F8 /* schema.json in Resources */,
				CAC1F9F4210F84CD00DA32F8 /* LaunchScreen.storyboard in Resources */,
				CAC1FA29210F8B2000DA32F8 /* RandomJokeViewController.graphql in Resources */,
				CAC1F9F1210F84CD00DA32F8 /* Assets.xcassets in Resources */,
				CAC1F9EF210F84CC00DA32F8 /* Main.storyboard in Resources */,
			);
			runOnlyForDeploymentPostprocessing = 0;
		};
		CAC1F9F8210F84CD00DA32F8 /* Resources */ = {
			isa = PBXResourcesBuildPhase;
			buildActionMask = 2147483647;
			files = (
			);
			runOnlyForDeploymentPostprocessing = 0;
		};
		CAC1FA03210F84CE00DA32F8 /* Resources */ = {
			isa = PBXResourcesBuildPhase;
			buildActionMask = 2147483647;
			files = (
			);
			runOnlyForDeploymentPostprocessing = 0;
		};
/* End PBXResourcesBuildPhase section */

/* Begin PBXShellScriptBuildPhase section */
		53841BF9A1D7E261BF8C1B30 /* [CP] Check Pods Manifest.lock */ = {
			isa = PBXShellScriptBuildPhase;
			buildActionMask = 2147483647;
			files = (
			);
			inputPaths = (
				"${PODS_PODFILE_DIR_PATH}/Podfile.lock",
				"${PODS_ROOT}/Manifest.lock",
			);
			name = "[CP] Check Pods Manifest.lock";
			outputPaths = (
				"$(DERIVED_FILE_DIR)/Pods-DadJokesUITests-checkManifestLockResult.txt",
			);
			runOnlyForDeploymentPostprocessing = 0;
			shellPath = /bin/sh;
			shellScript = "diff \"${PODS_PODFILE_DIR_PATH}/Podfile.lock\" \"${PODS_ROOT}/Manifest.lock\" > /dev/null\nif [ $? != 0 ] ; then\n    # print error to STDERR\n    echo \"error: The sandbox is not in sync with the Podfile.lock. Run 'pod install' or update your CocoaPods installation.\" >&2\n    exit 1\nfi\n# This output is used by Xcode 'outputs' to avoid re-running this script phase.\necho \"SUCCESS\" > \"${SCRIPT_OUTPUT_FILE_0}\"\n";
			showEnvVarsInLog = 0;
		};
		6A5D9A6E60F0929CF0D2FC53 /* [CP] Embed Pods Frameworks */ = {
			isa = PBXShellScriptBuildPhase;
			buildActionMask = 2147483647;
			files = (
			);
			inputPaths = (
				"${SRCROOT}/Pods/Target Support Files/Pods-DadJokes/Pods-DadJokes-frameworks.sh",
				"${BUILT_PRODUCTS_DIR}/Apollo/Apollo.framework",
				"${BUILT_PRODUCTS_DIR}/ChameleonFramework/ChameleonFramework.framework",
			);
			name = "[CP] Embed Pods Frameworks";
			outputPaths = (
				"${TARGET_BUILD_DIR}/${FRAMEWORKS_FOLDER_PATH}/Apollo.framework",
				"${TARGET_BUILD_DIR}/${FRAMEWORKS_FOLDER_PATH}/ChameleonFramework.framework",
			);
			runOnlyForDeploymentPostprocessing = 0;
			shellPath = /bin/sh;
			shellScript = "\"${SRCROOT}/Pods/Target Support Files/Pods-DadJokes/Pods-DadJokes-frameworks.sh\"\n";
			showEnvVarsInLog = 0;
		};
		7C9DA82FC19712B249D6A8B7 /* [CP] Check Pods Manifest.lock */ = {
			isa = PBXShellScriptBuildPhase;
			buildActionMask = 2147483647;
			files = (
			);
			inputPaths = (
				"${PODS_PODFILE_DIR_PATH}/Podfile.lock",
				"${PODS_ROOT}/Manifest.lock",
			);
			name = "[CP] Check Pods Manifest.lock";
			outputPaths = (
				"$(DERIVED_FILE_DIR)/Pods-DadJokes-checkManifestLockResult.txt",
			);
			runOnlyForDeploymentPostprocessing = 0;
			shellPath = /bin/sh;
			shellScript = "diff \"${PODS_PODFILE_DIR_PATH}/Podfile.lock\" \"${PODS_ROOT}/Manifest.lock\" > /dev/null\nif [ $? != 0 ] ; then\n    # print error to STDERR\n    echo \"error: The sandbox is not in sync with the Podfile.lock. Run 'pod install' or update your CocoaPods installation.\" >&2\n    exit 1\nfi\n# This output is used by Xcode 'outputs' to avoid re-running this script phase.\necho \"SUCCESS\" > \"${SCRIPT_OUTPUT_FILE_0}\"\n";
			showEnvVarsInLog = 0;
		};
		84F1E5DD70C3B21361D64DD2 /* [CP] Check Pods Manifest.lock */ = {
			isa = PBXShellScriptBuildPhase;
			buildActionMask = 2147483647;
			files = (
			);
			inputPaths = (
				"${PODS_PODFILE_DIR_PATH}/Podfile.lock",
				"${PODS_ROOT}/Manifest.lock",
			);
			name = "[CP] Check Pods Manifest.lock";
			outputPaths = (
				"$(DERIVED_FILE_DIR)/Pods-DadJokesTests-checkManifestLockResult.txt",
			);
			runOnlyForDeploymentPostprocessing = 0;
			shellPath = /bin/sh;
			shellScript = "diff \"${PODS_PODFILE_DIR_PATH}/Podfile.lock\" \"${PODS_ROOT}/Manifest.lock\" > /dev/null\nif [ $? != 0 ] ; then\n    # print error to STDERR\n    echo \"error: The sandbox is not in sync with the Podfile.lock. Run 'pod install' or update your CocoaPods installation.\" >&2\n    exit 1\nfi\n# This output is used by Xcode 'outputs' to avoid re-running this script phase.\necho \"SUCCESS\" > \"${SCRIPT_OUTPUT_FILE_0}\"\n";
			showEnvVarsInLog = 0;
		};
		CAC1FA17210F877700DA32F8 /* Generate GraphQL API */ = {
			isa = PBXShellScriptBuildPhase;
			buildActionMask = 2147483647;
			files = (
			);
			inputPaths = (
			);
			name = "Generate GraphQL API";
			outputPaths = (
			);
			runOnlyForDeploymentPostprocessing = 0;
			shellPath = /bin/sh;
			shellScript = "APOLLO_FRAMEWORK_PATH=\"$(eval find $FRAMEWORK_SEARCH_PATHS -name \"Apollo.framework\" -maxdepth 1)\"\n\nif [ -z \"$APOLLO_FRAMEWORK_PATH\" ]; then\necho \"error: Couldn't find Apollo.framework in FRAMEWORK_SEARCH_PATHS; make sure to add the framework to your project.\"\nexit 1\nfi\n\necho \"${SRCROOT}/${TARGET_NAME}\"\ncd \"${SRCROOT}/${TARGET_NAME}\"\n$APOLLO_FRAMEWORK_PATH/check-and-run-apollo-codegen.sh generate '**/*.graphql' --schema schema.json --output API.swift\n";
		};
/* End PBXShellScriptBuildPhase section */

/* Begin PBXSourcesBuildPhase section */
		CAC1F9E2210F84CC00DA32F8 /* Sources */ = {
			isa = PBXSourcesBuildPhase;
			buildActionMask = 2147483647;
			files = (
				CAC1FA1E210F882C00DA32F8 /* RandomJokeViewController.swift in Sources */,
				CAC1FA2B210F8BA100DA32F8 /* API.swift in Sources */,
				CAC1FA2D210F8D8400DA32F8 /* Joke.swift in Sources */,
				CAC1F9EA210F84CC00DA32F8 /* AppDelegate.swift in Sources */,
			);
			runOnlyForDeploymentPostprocessing = 0;
		};
		CAC1F9F6210F84CD00DA32F8 /* Sources */ = {
			isa = PBXSourcesBuildPhase;
			buildActionMask = 2147483647;
			files = (
				CAC1F9FF210F84CD00DA32F8 /* DadJokesTests.swift in Sources */,
			);
			runOnlyForDeploymentPostprocessing = 0;
		};
		CAC1FA01210F84CE00DA32F8 /* Sources */ = {
			isa = PBXSourcesBuildPhase;
			buildActionMask = 2147483647;
			files = (
				CAC1FA0A210F84CE00DA32F8 /* DadJokesUITests.swift in Sources */,
			);
			runOnlyForDeploymentPostprocessing = 0;
		};
/* End PBXSourcesBuildPhase section */

/* Begin PBXTargetDependency section */
		CAC1F9FC210F84CD00DA32F8 /* PBXTargetDependency */ = {
			isa = PBXTargetDependency;
			target = CAC1F9E5210F84CC00DA32F8 /* DadJokes */;
			targetProxy = CAC1F9FB210F84CD00DA32F8 /* PBXContainerItemProxy */;
		};
		CAC1FA07210F84CE00DA32F8 /* PBXTargetDependency */ = {
			isa = PBXTargetDependency;
			target = CAC1F9E5210F84CC00DA32F8 /* DadJokes */;
			targetProxy = CAC1FA06210F84CE00DA32F8 /* PBXContainerItemProxy */;
		};
/* End PBXTargetDependency section */

/* Begin PBXVariantGroup section */
		CAC1F9ED210F84CC00DA32F8 /* Main.storyboard */ = {
			isa = PBXVariantGroup;
			children = (
				CAC1F9EE210F84CC00DA32F8 /* Base */,
			);
			name = Main.storyboard;
			sourceTree = "<group>";
		};
		CAC1F9F2210F84CD00DA32F8 /* LaunchScreen.storyboard */ = {
			isa = PBXVariantGroup;
			children = (
				CAC1F9F3210F84CD00DA32F8 /* Base */,
			);
			name = LaunchScreen.storyboard;
			sourceTree = "<group>";
		};
/* End PBXVariantGroup section */

/* Begin XCBuildConfiguration section */
		CAC1FA0C210F84CE00DA32F8 /* Debug */ = {
			isa = XCBuildConfiguration;
			buildSettings = {
				ALWAYS_SEARCH_USER_PATHS = NO;
				CLANG_ANALYZER_NONNULL = YES;
				CLANG_ANALYZER_NUMBER_OBJECT_CONVERSION = YES_AGGRESSIVE;
				CLANG_CXX_LANGUAGE_STANDARD = "gnu++14";
				CLANG_CXX_LIBRARY = "libc++";
				CLANG_ENABLE_MODULES = YES;
				CLANG_ENABLE_OBJC_ARC = YES;
				CLANG_ENABLE_OBJC_WEAK = YES;
				CLANG_WARN_BLOCK_CAPTURE_AUTORELEASING = YES;
				CLANG_WARN_BOOL_CONVERSION = YES;
				CLANG_WARN_COMMA = YES;
				CLANG_WARN_CONSTANT_CONVERSION = YES;
				CLANG_WARN_DEPRECATED_OBJC_IMPLEMENTATIONS = YES;
				CLANG_WARN_DIRECT_OBJC_ISA_USAGE = YES_ERROR;
				CLANG_WARN_DOCUMENTATION_COMMENTS = YES;
				CLANG_WARN_EMPTY_BODY = YES;
				CLANG_WARN_ENUM_CONVERSION = YES;
				CLANG_WARN_INFINITE_RECURSION = YES;
				CLANG_WARN_INT_CONVERSION = YES;
				CLANG_WARN_NON_LITERAL_NULL_CONVERSION = YES;
				CLANG_WARN_OBJC_IMPLICIT_RETAIN_SELF = YES;
				CLANG_WARN_OBJC_LITERAL_CONVERSION = YES;
				CLANG_WARN_OBJC_ROOT_CLASS = YES_ERROR;
				CLANG_WARN_RANGE_LOOP_ANALYSIS = YES;
				CLANG_WARN_STRICT_PROTOTYPES = YES;
				CLANG_WARN_SUSPICIOUS_MOVE = YES;
				CLANG_WARN_UNGUARDED_AVAILABILITY = YES_AGGRESSIVE;
				CLANG_WARN_UNREACHABLE_CODE = YES;
				CLANG_WARN__DUPLICATE_METHOD_MATCH = YES;
				CODE_SIGN_IDENTITY = "iPhone Developer";
				COPY_PHASE_STRIP = NO;
				DEBUG_INFORMATION_FORMAT = dwarf;
				ENABLE_STRICT_OBJC_MSGSEND = YES;
				ENABLE_TESTABILITY = YES;
				GCC_C_LANGUAGE_STANDARD = gnu11;
				GCC_DYNAMIC_NO_PIC = NO;
				GCC_NO_COMMON_BLOCKS = YES;
				GCC_OPTIMIZATION_LEVEL = 0;
				GCC_PREPROCESSOR_DEFINITIONS = (
					"DEBUG=1",
					"$(inherited)",
				);
				GCC_WARN_64_TO_32_BIT_CONVERSION = YES;
				GCC_WARN_ABOUT_RETURN_TYPE = YES_ERROR;
				GCC_WARN_UNDECLARED_SELECTOR = YES;
				GCC_WARN_UNINITIALIZED_AUTOS = YES_AGGRESSIVE;
				GCC_WARN_UNUSED_FUNCTION = YES;
				GCC_WARN_UNUSED_VARIABLE = YES;
				IPHONEOS_DEPLOYMENT_TARGET = 11.4;
				MTL_ENABLE_DEBUG_INFO = YES;
				ONLY_ACTIVE_ARCH = YES;
				SDKROOT = iphoneos;
				SWIFT_ACTIVE_COMPILATION_CONDITIONS = DEBUG;
				SWIFT_OPTIMIZATION_LEVEL = "-Onone";
			};
			name = Debug;
		};
		CAC1FA0D210F84CE00DA32F8 /* Release */ = {
			isa = XCBuildConfiguration;
			buildSettings = {
				ALWAYS_SEARCH_USER_PATHS = NO;
				CLANG_ANALYZER_NONNULL = YES;
				CLANG_ANALYZER_NUMBER_OBJECT_CONVERSION = YES_AGGRESSIVE;
				CLANG_CXX_LANGUAGE_STANDARD = "gnu++14";
				CLANG_CXX_LIBRARY = "libc++";
				CLANG_ENABLE_MODULES = YES;
				CLANG_ENABLE_OBJC_ARC = YES;
				CLANG_ENABLE_OBJC_WEAK = YES;
				CLANG_WARN_BLOCK_CAPTURE_AUTORELEASING = YES;
				CLANG_WARN_BOOL_CONVERSION = YES;
				CLANG_WARN_COMMA = YES;
				CLANG_WARN_CONSTANT_CONVERSION = YES;
				CLANG_WARN_DEPRECATED_OBJC_IMPLEMENTATIONS = YES;
				CLANG_WARN_DIRECT_OBJC_ISA_USAGE = YES_ERROR;
				CLANG_WARN_DOCUMENTATION_COMMENTS = YES;
				CLANG_WARN_EMPTY_BODY = YES;
				CLANG_WARN_ENUM_CONVERSION = YES;
				CLANG_WARN_INFINITE_RECURSION = YES;
				CLANG_WARN_INT_CONVERSION = YES;
				CLANG_WARN_NON_LITERAL_NULL_CONVERSION = YES;
				CLANG_WARN_OBJC_IMPLICIT_RETAIN_SELF = YES;
				CLANG_WARN_OBJC_LITERAL_CONVERSION = YES;
				CLANG_WARN_OBJC_ROOT_CLASS = YES_ERROR;
				CLANG_WARN_RANGE_LOOP_ANALYSIS = YES;
				CLANG_WARN_STRICT_PROTOTYPES = YES;
				CLANG_WARN_SUSPICIOUS_MOVE = YES;
				CLANG_WARN_UNGUARDED_AVAILABILITY = YES_AGGRESSIVE;
				CLANG_WARN_UNREACHABLE_CODE = YES;
				CLANG_WARN__DUPLICATE_METHOD_MATCH = YES;
				CODE_SIGN_IDENTITY = "iPhone Developer";
				COPY_PHASE_STRIP = NO;
				DEBUG_INFORMATION_FORMAT = "dwarf-with-dsym";
				ENABLE_NS_ASSERTIONS = NO;
				ENABLE_STRICT_OBJC_MSGSEND = YES;
				GCC_C_LANGUAGE_STANDARD = gnu11;
				GCC_NO_COMMON_BLOCKS = YES;
				GCC_WARN_64_TO_32_BIT_CONVERSION = YES;
				GCC_WARN_ABOUT_RETURN_TYPE = YES_ERROR;
				GCC_WARN_UNDECLARED_SELECTOR = YES;
				GCC_WARN_UNINITIALIZED_AUTOS = YES_AGGRESSIVE;
				GCC_WARN_UNUSED_FUNCTION = YES;
				GCC_WARN_UNUSED_VARIABLE = YES;
				IPHONEOS_DEPLOYMENT_TARGET = 11.4;
				MTL_ENABLE_DEBUG_INFO = NO;
				SDKROOT = iphoneos;
				SWIFT_COMPILATION_MODE = wholemodule;
				SWIFT_OPTIMIZATION_LEVEL = "-O";
				VALIDATE_PRODUCT = YES;
			};
			name = Release;
		};
		CAC1FA0F210F84CE00DA32F8 /* Debug */ = {
			isa = XCBuildConfiguration;
			baseConfigurationReference = 9E0A70326A03199B8BEB0A51 /* Pods-DadJokes.debug.xcconfig */;
			buildSettings = {
				ASSETCATALOG_COMPILER_APPICON_NAME = AppIcon;
				CODE_SIGN_STYLE = Automatic;
				INFOPLIST_FILE = DadJokes/Info.plist;
				LD_RUNPATH_SEARCH_PATHS = (
					"$(inherited)",
					"@executable_path/Frameworks",
				);
				PRODUCT_BUNDLE_IDENTIFIER = io.vphong.DadJokes;
				PRODUCT_NAME = "$(TARGET_NAME)";
				SWIFT_VERSION = 4.0;
				TARGETED_DEVICE_FAMILY = "1,2";
			};
			name = Debug;
		};
		CAC1FA10210F84CE00DA32F8 /* Release */ = {
			isa = XCBuildConfiguration;
			baseConfigurationReference = 0AD0CCE257213FE844071421 /* Pods-DadJokes.release.xcconfig */;
			buildSettings = {
				ASSETCATALOG_COMPILER_APPICON_NAME = AppIcon;
				CODE_SIGN_STYLE = Automatic;
				INFOPLIST_FILE = DadJokes/Info.plist;
				LD_RUNPATH_SEARCH_PATHS = (
					"$(inherited)",
					"@executable_path/Frameworks",
				);
				PRODUCT_BUNDLE_IDENTIFIER = io.vphong.DadJokes;
				PRODUCT_NAME = "$(TARGET_NAME)";
				SWIFT_VERSION = 4.0;
				TARGETED_DEVICE_FAMILY = "1,2";
			};
			name = Release;
		};
		CAC1FA12210F84CE00DA32F8 /* Debug */ = {
			isa = XCBuildConfiguration;
			baseConfigurationReference = BA4CFEA8D5098C9CD511C8A6 /* Pods-DadJokesTests.debug.xcconfig */;
			buildSettings = {
				ALWAYS_EMBED_SWIFT_STANDARD_LIBRARIES = YES;
				BUNDLE_LOADER = "$(TEST_HOST)";
				CODE_SIGN_STYLE = Automatic;
				INFOPLIST_FILE = DadJokesTests/Info.plist;
				LD_RUNPATH_SEARCH_PATHS = (
					"$(inherited)",
					"@executable_path/Frameworks",
					"@loader_path/Frameworks",
				);
				PRODUCT_BUNDLE_IDENTIFIER = io.vphong.DadJokesTests;
				PRODUCT_NAME = "$(TARGET_NAME)";
				SWIFT_VERSION = 4.0;
				TARGETED_DEVICE_FAMILY = "1,2";
				TEST_HOST = "$(BUILT_PRODUCTS_DIR)/DadJokes.app/DadJokes";
			};
			name = Debug;
		};
		CAC1FA13210F84CE00DA32F8 /* Release */ = {
			isa = XCBuildConfiguration;
			baseConfigurationReference = F830047F369F596FFA665DB1 /* Pods-DadJokesTests.release.xcconfig */;
			buildSettings = {
				ALWAYS_EMBED_SWIFT_STANDARD_LIBRARIES = YES;
				BUNDLE_LOADER = "$(TEST_HOST)";
				CODE_SIGN_STYLE = Automatic;
				INFOPLIST_FILE = DadJokesTests/Info.plist;
				LD_RUNPATH_SEARCH_PATHS = (
					"$(inherited)",
					"@executable_path/Frameworks",
					"@loader_path/Frameworks",
				);
				PRODUCT_BUNDLE_IDENTIFIER = io.vphong.DadJokesTests;
				PRODUCT_NAME = "$(TARGET_NAME)";
				SWIFT_VERSION = 4.0;
				TARGETED_DEVICE_FAMILY = "1,2";
				TEST_HOST = "$(BUILT_PRODUCTS_DIR)/DadJokes.app/DadJokes";
			};
			name = Release;
		};
		CAC1FA15210F84CE00DA32F8 /* Debug */ = {
			isa = XCBuildConfiguration;
			baseConfigurationReference = 9ACF50C33B9A87A38AC128FE /* Pods-DadJokesUITests.debug.xcconfig */;
			buildSettings = {
				ALWAYS_EMBED_SWIFT_STANDARD_LIBRARIES = YES;
				CODE_SIGN_STYLE = Automatic;
				INFOPLIST_FILE = DadJokesUITests/Info.plist;
				LD_RUNPATH_SEARCH_PATHS = (
					"$(inherited)",
					"@executable_path/Frameworks",
					"@loader_path/Frameworks",
				);
				PRODUCT_BUNDLE_IDENTIFIER = io.vphong.DadJokesUITests;
				PRODUCT_NAME = "$(TARGET_NAME)";
				SWIFT_VERSION = 4.0;
				TARGETED_DEVICE_FAMILY = "1,2";
				TEST_TARGET_NAME = DadJokes;
			};
			name = Debug;
		};
		CAC1FA16210F84CE00DA32F8 /* Release */ = {
			isa = XCBuildConfiguration;
			baseConfigurationReference = 3E40186CB7283177FC604377 /* Pods-DadJokesUITests.release.xcconfig */;
			buildSettings = {
				ALWAYS_EMBED_SWIFT_STANDARD_LIBRARIES = YES;
				CODE_SIGN_STYLE = Automatic;
				INFOPLIST_FILE = DadJokesUITests/Info.plist;
				LD_RUNPATH_SEARCH_PATHS = (
					"$(inherited)",
					"@executable_path/Frameworks",
					"@loader_path/Frameworks",
				);
				PRODUCT_BUNDLE_IDENTIFIER = io.vphong.DadJokesUITests;
				PRODUCT_NAME = "$(TARGET_NAME)";
				SWIFT_VERSION = 4.0;
				TARGETED_DEVICE_FAMILY = "1,2";
				TEST_TARGET_NAME = DadJokes;
			};
			name = Release;
		};
/* End XCBuildConfiguration section */

/* Begin XCConfigurationList section */
		CAC1F9E1210F84CC00DA32F8 /* Build configuration list for PBXProject "DadJokes" */ = {
			isa = XCConfigurationList;
			buildConfigurations = (
				CAC1FA0C210F84CE00DA32F8 /* Debug */,
				CAC1FA0D210F84CE00DA32F8 /* Release */,
			);
			defaultConfigurationIsVisible = 0;
			defaultConfigurationName = Release;
		};
		CAC1FA0E210F84CE00DA32F8 /* Build configuration list for PBXNativeTarget "DadJokes" */ = {
			isa = XCConfigurationList;
			buildConfigurations = (
				CAC1FA0F210F84CE00DA32F8 /* Debug */,
				CAC1FA10210F84CE00DA32F8 /* Release */,
			);
			defaultConfigurationIsVisible = 0;
			defaultConfigurationName = Release;
		};
		CAC1FA11210F84CE00DA32F8 /* Build configuration list for PBXNativeTarget "DadJokesTests" */ = {
			isa = XCConfigurationList;
			buildConfigurations = (
				CAC1FA12210F84CE00DA32F8 /* Debug */,
				CAC1FA13210F84CE00DA32F8 /* Release */,
			);
			defaultConfigurationIsVisible = 0;
			defaultConfigurationName = Release;
		};
		CAC1FA14210F84CE00DA32F8 /* Build configuration list for PBXNativeTarget "DadJokesUITests" */ = {
			isa = XCConfigurationList;
			buildConfigurations = (
				CAC1FA15210F84CE00DA32F8 /* Debug */,
				CAC1FA16210F84CE00DA32F8 /* Release */,
			);
			defaultConfigurationIsVisible = 0;
			defaultConfigurationName = Release;
		};
/* End XCConfigurationList section */
	};
	rootObject = CAC1F9DE210F84CC00DA32F8 /* Project object */;
}
