// !$*UTF8*$!
{
	archiveVersion = 1;
	classes = {
	};
	objectVersion = 50;
	objects = {

/* Begin PBXBuildFile section */
		CA8A04FC210ED680009B0850 /* AppDelegate.swift in Sources */ = {isa = PBXBuildFile; fileRef = CA8A04FB210ED680009B0850 /* AppDelegate.swift */; };
		CA8A0501210ED680009B0850 /* Main.storyboard in Resources */ = {isa = PBXBuildFile; fileRef = CA8A04FF210ED680009B0850 /* Main.storyboard */; };
		CA8A0503210ED682009B0850 /* Assets.xcassets in Resources */ = {isa = PBXBuildFile; fileRef = CA8A0502210ED682009B0850 /* Assets.xcassets */; };
		CA8A0506210ED682009B0850 /* LaunchScreen.storyboard in Resources */ = {isa = PBXBuildFile; fileRef = CA8A0504210ED682009B0850 /* LaunchScreen.storyboard */; };
		CA8A0511210ED683009B0850 /* Dad_JokesTests.swift in Sources */ = {isa = PBXBuildFile; fileRef = CA8A0510210ED683009B0850 /* Dad_JokesTests.swift */; };
		CA8A051C210ED683009B0850 /* Dad_JokesUITests.swift in Sources */ = {isa = PBXBuildFile; fileRef = CA8A051B210ED683009B0850 /* Dad_JokesUITests.swift */; };
		CA8A052E210ED769009B0850 /* JokeViewController.swift in Sources */ = {isa = PBXBuildFile; fileRef = CA8A052D210ED769009B0850 /* JokeViewController.swift */; };
/* End PBXBuildFile section */

/* Begin PBXContainerItemProxy section */
		CA8A050D210ED682009B0850 /* PBXContainerItemProxy */ = {
			isa = PBXContainerItemProxy;
			containerPortal = CA8A04F0210ED680009B0850 /* Project object */;
			proxyType = 1;
			remoteGlobalIDString = CA8A04F7210ED680009B0850;
			remoteInfo = "Dad Jokes";
		};
		CA8A0518210ED683009B0850 /* PBXContainerItemProxy */ = {
			isa = PBXContainerItemProxy;
			containerPortal = CA8A04F0210ED680009B0850 /* Project object */;
			proxyType = 1;
			remoteGlobalIDString = CA8A04F7210ED680009B0850;
			remoteInfo = "Dad Jokes";
		};
/* End PBXContainerItemProxy section */

/* Begin PBXFileReference section */
		CA8A04F8210ED680009B0850 /* Dad Jokes.app */ = {isa = PBXFileReference; explicitFileType = wrapper.application; includeInIndex = 0; path = "Dad Jokes.app"; sourceTree = BUILT_PRODUCTS_DIR; };
		CA8A04FB210ED680009B0850 /* AppDelegate.swift */ = {isa = PBXFileReference; lastKnownFileType = sourcecode.swift; path = AppDelegate.swift; sourceTree = "<group>"; };
		CA8A0500210ED680009B0850 /* Base */ = {isa = PBXFileReference; lastKnownFileType = file.storyboard; name = Base; path = Base.lproj/Main.storyboard; sourceTree = "<group>"; };
		CA8A0502210ED682009B0850 /* Assets.xcassets */ = {isa = PBXFileReference; lastKnownFileType = folder.assetcatalog; path = Assets.xcassets; sourceTree = "<group>"; };
		CA8A0505210ED682009B0850 /* Base */ = {isa = PBXFileReference; lastKnownFileType = file.storyboard; name = Base; path = Base.lproj/LaunchScreen.storyboard; sourceTree = "<group>"; };
		CA8A0507210ED682009B0850 /* Info.plist */ = {isa = PBXFileReference; lastKnownFileType = text.plist.xml; path = Info.plist; sourceTree = "<group>"; };
		CA8A050C210ED682009B0850 /* Dad JokesTests.xctest */ = {isa = PBXFileReference; explicitFileType = wrapper.cfbundle; includeInIndex = 0; path = "Dad JokesTests.xctest"; sourceTree = BUILT_PRODUCTS_DIR; };
		CA8A0510210ED683009B0850 /* Dad_JokesTests.swift */ = {isa = PBXFileReference; lastKnownFileType = sourcecode.swift; path = Dad_JokesTests.swift; sourceTree = "<group>"; };
		CA8A0512210ED683009B0850 /* Info.plist */ = {isa = PBXFileReference; lastKnownFileType = text.plist.xml; path = Info.plist; sourceTree = "<group>"; };
		CA8A0517210ED683009B0850 /* Dad JokesUITests.xctest */ = {isa = PBXFileReference; explicitFileType = wrapper.cfbundle; includeInIndex = 0; path = "Dad JokesUITests.xctest"; sourceTree = BUILT_PRODUCTS_DIR; };
		CA8A051B210ED683009B0850 /* Dad_JokesUITests.swift */ = {isa = PBXFileReference; lastKnownFileType = sourcecode.swift; path = Dad_JokesUITests.swift; sourceTree = "<group>"; };
		CA8A051D210ED683009B0850 /* Info.plist */ = {isa = PBXFileReference; lastKnownFileType = text.plist.xml; path = Info.plist; sourceTree = "<group>"; };
		CA8A052D210ED769009B0850 /* JokeViewController.swift */ = {isa = PBXFileReference; lastKnownFileType = sourcecode.swift; path = JokeViewController.swift; sourceTree = "<group>"; };
/* End PBXFileReference section */

/* Begin PBXFrameworksBuildPhase section */
		CA8A04F5210ED680009B0850 /* Frameworks */ = {
			isa = PBXFrameworksBuildPhase;
			buildActionMask = 2147483647;
			files = (
			);
			runOnlyForDeploymentPostprocessing = 0;
		};
		CA8A0509210ED682009B0850 /* Frameworks */ = {
			isa = PBXFrameworksBuildPhase;
			buildActionMask = 2147483647;
			files = (
			);
			runOnlyForDeploymentPostprocessing = 0;
		};
		CA8A0514210ED683009B0850 /* Frameworks */ = {
			isa = PBXFrameworksBuildPhase;
			buildActionMask = 2147483647;
			files = (
			);
			runOnlyForDeploymentPostprocessing = 0;
		};
/* End PBXFrameworksBuildPhase section */

/* Begin PBXGroup section */
		CA8A04EF210ED680009B0850 = {
			isa = PBXGroup;
			children = (
				CA8A04FA210ED680009B0850 /* Dad Jokes */,
				CA8A050F210ED682009B0850 /* Dad JokesTests */,
				CA8A051A210ED683009B0850 /* Dad JokesUITests */,
				CA8A04F9210ED680009B0850 /* Products */,
			);
			sourceTree = "<group>";
		};
		CA8A04F9210ED680009B0850 /* Products */ = {
			isa = PBXGroup;
			children = (
				CA8A04F8210ED680009B0850 /* Dad Jokes.app */,
				CA8A050C210ED682009B0850 /* Dad JokesTests.xctest */,
				CA8A0517210ED683009B0850 /* Dad JokesUITests.xctest */,
			);
			name = Products;
			sourceTree = "<group>";
		};
		CA8A04FA210ED680009B0850 /* Dad Jokes */ = {
			isa = PBXGroup;
			children = (
				CA8A0529210ED6A5009B0850 /* Models */,
				CA8A052B210ED6C6009B0850 /* View Models */,
				CA8A052C210ED6CF009B0850 /* View Controllers */,
				CA8A04FB210ED680009B0850 /* AppDelegate.swift */,
				CA8A04FF210ED680009B0850 /* Main.storyboard */,
				CA8A0502210ED682009B0850 /* Assets.xcassets */,
				CA8A0504210ED682009B0850 /* LaunchScreen.storyboard */,
				CA8A0507210ED682009B0850 /* Info.plist */,
			);
			path = "Dad Jokes";
			sourceTree = "<group>";
		};
		CA8A050F210ED682009B0850 /* Dad JokesTests */ = {
			isa = PBXGroup;
			children = (
				CA8A0510210ED683009B0850 /* Dad_JokesTests.swift */,
				CA8A0512210ED683009B0850 /* Info.plist */,
			);
			path = "Dad JokesTests";
			sourceTree = "<group>";
		};
		CA8A051A210ED683009B0850 /* Dad JokesUITests */ = {
			isa = PBXGroup;
			children = (
				CA8A051B210ED683009B0850 /* Dad_JokesUITests.swift */,
				CA8A051D210ED683009B0850 /* Info.plist */,
			);
			path = "Dad JokesUITests";
			sourceTree = "<group>";
		};
		CA8A0529210ED6A5009B0850 /* Models */ = {
			isa = PBXGroup;
			children = (
				CA8A052A210ED6BF009B0850 /* Views */,
			);
			path = Models;
			sourceTree = "<group>";
		};
		CA8A052A210ED6BF009B0850 /* Views */ = {
			isa = PBXGroup;
			children = (
			);
			path = Views;
			sourceTree = "<group>";
		};
		CA8A052B210ED6C6009B0850 /* View Models */ = {
			isa = PBXGroup;
			children = (
			);
			path = "View Models";
			sourceTree = "<group>";
		};
		CA8A052C210ED6CF009B0850 /* View Controllers */ = {
			isa = PBXGroup;
			children = (
				CA8A052D210ED769009B0850 /* JokeViewController.swift */,
			);
			path = "View Controllers";
			sourceTree = "<group>";
		};
/* End PBXGroup section */

/* Begin PBXNativeTarget section */
		CA8A04F7210ED680009B0850 /* Dad Jokes */ = {
			isa = PBXNativeTarget;
			buildConfigurationList = CA8A0520210ED683009B0850 /* Build configuration list for PBXNativeTarget "Dad Jokes" */;
			buildPhases = (
				CA8A04F4210ED680009B0850 /* Sources */,
				CA8A04F5210ED680009B0850 /* Frameworks */,
				CA8A04F6210ED680009B0850 /* Resources */,
			);
			buildRules = (
			);
			dependencies = (
			);
			name = "Dad Jokes";
			productName = "Dad Jokes";
			productReference = CA8A04F8210ED680009B0850 /* Dad Jokes.app */;
			productType = "com.apple.product-type.application";
		};
		CA8A050B210ED682009B0850 /* Dad JokesTests */ = {
			isa = PBXNativeTarget;
			buildConfigurationList = CA8A0523210ED683009B0850 /* Build configuration list for PBXNativeTarget "Dad JokesTests" */;
			buildPhases = (
				CA8A0508210ED682009B0850 /* Sources */,
				CA8A0509210ED682009B0850 /* Frameworks */,
				CA8A050A210ED682009B0850 /* Resources */,
			);
			buildRules = (
			);
			dependencies = (
				CA8A050E210ED682009B0850 /* PBXTargetDependency */,
			);
			name = "Dad JokesTests";
			productName = "Dad JokesTests";
			productReference = CA8A050C210ED682009B0850 /* Dad JokesTests.xctest */;
			productType = "com.apple.product-type.bundle.unit-test";
		};
		CA8A0516210ED683009B0850 /* Dad JokesUITests */ = {
			isa = PBXNativeTarget;
			buildConfigurationList = CA8A0526210ED683009B0850 /* Build configuration list for PBXNativeTarget "Dad JokesUITests" */;
			buildPhases = (
				CA8A0513210ED683009B0850 /* Sources */,
				CA8A0514210ED683009B0850 /* Frameworks */,
				CA8A0515210ED683009B0850 /* Resources */,
			);
			buildRules = (
			);
			dependencies = (
				CA8A0519210ED683009B0850 /* PBXTargetDependency */,
			);
			name = "Dad JokesUITests";
			productName = "Dad JokesUITests";
			productReference = CA8A0517210ED683009B0850 /* Dad JokesUITests.xctest */;
			productType = "com.apple.product-type.bundle.ui-testing";
		};
/* End PBXNativeTarget section */

/* Begin PBXProject section */
		CA8A04F0210ED680009B0850 /* Project object */ = {
			isa = PBXProject;
			attributes = {
				LastSwiftUpdateCheck = 0940;
				LastUpgradeCheck = 0940;
				ORGANIZATIONNAME = vphong;
				TargetAttributes = {
					CA8A04F7210ED680009B0850 = {
						CreatedOnToolsVersion = 9.4.1;
					};
					CA8A050B210ED682009B0850 = {
						CreatedOnToolsVersion = 9.4.1;
						TestTargetID = CA8A04F7210ED680009B0850;
					};
					CA8A0516210ED683009B0850 = {
						CreatedOnToolsVersion = 9.4.1;
						TestTargetID = CA8A04F7210ED680009B0850;
					};
				};
			};
			buildConfigurationList = CA8A04F3210ED680009B0850 /* Build configuration list for PBXProject "Dad Jokes" */;
			compatibilityVersion = "Xcode 9.3";
			developmentRegion = en;
			hasScannedForEncodings = 0;
			knownRegions = (
				en,
				Base,
			);
			mainGroup = CA8A04EF210ED680009B0850;
			productRefGroup = CA8A04F9210ED680009B0850 /* Products */;
			projectDirPath = "";
			projectRoot = "";
			targets = (
				CA8A04F7210ED680009B0850 /* Dad Jokes */,
				CA8A050B210ED682009B0850 /* Dad JokesTests */,
				CA8A0516210ED683009B0850 /* Dad JokesUITests */,
			);
		};
/* End PBXProject section */

/* Begin PBXResourcesBuildPhase section */
		CA8A04F6210ED680009B0850 /* Resources */ = {
			isa = PBXResourcesBuildPhase;
			buildActionMask = 2147483647;
			files = (
				CA8A0506210ED682009B0850 /* LaunchScreen.storyboard in Resources */,
				CA8A0503210ED682009B0850 /* Assets.xcassets in Resources */,
				CA8A0501210ED680009B0850 /* Main.storyboard in Resources */,
			);
			runOnlyForDeploymentPostprocessing = 0;
		};
		CA8A050A210ED682009B0850 /* Resources */ = {
			isa = PBXResourcesBuildPhase;
			buildActionMask = 2147483647;
			files = (
			);
			runOnlyForDeploymentPostprocessing = 0;
		};
		CA8A0515210ED683009B0850 /* Resources */ = {
			isa = PBXResourcesBuildPhase;
			buildActionMask = 2147483647;
			files = (
			);
			runOnlyForDeploymentPostprocessing = 0;
		};
/* End PBXResourcesBuildPhase section */

/* Begin PBXSourcesBuildPhase section */
		CA8A04F4210ED680009B0850 /* Sources */ = {
			isa = PBXSourcesBuildPhase;
			buildActionMask = 2147483647;
			files = (
				CA8A04FC210ED680009B0850 /* AppDelegate.swift in Sources */,
				CA8A052E210ED769009B0850 /* JokeViewController.swift in Sources */,
			);
			runOnlyForDeploymentPostprocessing = 0;
		};
		CA8A0508210ED682009B0850 /* Sources */ = {
			isa = PBXSourcesBuildPhase;
			buildActionMask = 2147483647;
			files = (
				CA8A0511210ED683009B0850 /* Dad_JokesTests.swift in Sources */,
			);
			runOnlyForDeploymentPostprocessing = 0;
		};
		CA8A0513210ED683009B0850 /* Sources */ = {
			isa = PBXSourcesBuildPhase;
			buildActionMask = 2147483647;
			files = (
				CA8A051C210ED683009B0850 /* Dad_JokesUITests.swift in Sources */,
			);
			runOnlyForDeploymentPostprocessing = 0;
		};
/* End PBXSourcesBuildPhase section */

/* Begin PBXTargetDependency section */
		CA8A050E210ED682009B0850 /* PBXTargetDependency */ = {
			isa = PBXTargetDependency;
			target = CA8A04F7210ED680009B0850 /* Dad Jokes */;
			targetProxy = CA8A050D210ED682009B0850 /* PBXContainerItemProxy */;
		};
		CA8A0519210ED683009B0850 /* PBXTargetDependency */ = {
			isa = PBXTargetDependency;
			target = CA8A04F7210ED680009B0850 /* Dad Jokes */;
			targetProxy = CA8A0518210ED683009B0850 /* PBXContainerItemProxy */;
		};
/* End PBXTargetDependency section */

/* Begin PBXVariantGroup section */
		CA8A04FF210ED680009B0850 /* Main.storyboard */ = {
			isa = PBXVariantGroup;
			children = (
				CA8A0500210ED680009B0850 /* Base */,
			);
			name = Main.storyboard;
			sourceTree = "<group>";
		};
		CA8A0504210ED682009B0850 /* LaunchScreen.storyboard */ = {
			isa = PBXVariantGroup;
			children = (
				CA8A0505210ED682009B0850 /* Base */,
			);
			name = LaunchScreen.storyboard;
			sourceTree = "<group>";
		};
/* End PBXVariantGroup section */

/* Begin XCBuildConfiguration section */
		CA8A051E210ED683009B0850 /* Debug */ = {
			isa = XCBuildConfiguration;
			buildSettings = {
				ALWAYS_SEARCH_USER_PATHS = NO;
				CLANG_ANALYZER_NONNULL = YES;
				CLANG_ANALYZER_NUMBER_OBJECT_CONVERSION = YES_AGGRESSIVE;
				CLANG_CXX_LANGUAGE_STANDARD = "gnu++14";
				CLANG_CXX_LIBRARY = "libc++";
				CLANG_ENABLE_MODULES = YES;
				CLANG_ENABLE_OBJC_ARC = YES;
				CLANG_ENABLE_OBJC_WEAK = YES;
				CLANG_WARN_BLOCK_CAPTURE_AUTORELEASING = YES;
				CLANG_WARN_BOOL_CONVERSION = YES;
				CLANG_WARN_COMMA = YES;
				CLANG_WARN_CONSTANT_CONVERSION = YES;
				CLANG_WARN_DEPRECATED_OBJC_IMPLEMENTATIONS = YES;
				CLANG_WARN_DIRECT_OBJC_ISA_USAGE = YES_ERROR;
				CLANG_WARN_DOCUMENTATION_COMMENTS = YES;
				CLANG_WARN_EMPTY_BODY = YES;
				CLANG_WARN_ENUM_CONVERSION = YES;
				CLANG_WARN_INFINITE_RECURSION = YES;
				CLANG_WARN_INT_CONVERSION = YES;
				CLANG_WARN_NON_LITERAL_NULL_CONVERSION = YES;
				CLANG_WARN_OBJC_IMPLICIT_RETAIN_SELF = YES;
				CLANG_WARN_OBJC_LITERAL_CONVERSION = YES;
				CLANG_WARN_OBJC_ROOT_CLASS = YES_ERROR;
				CLANG_WARN_RANGE_LOOP_ANALYSIS = YES;
				CLANG_WARN_STRICT_PROTOTYPES = YES;
				CLANG_WARN_SUSPICIOUS_MOVE = YES;
				CLANG_WARN_UNGUARDED_AVAILABILITY = YES_AGGRESSIVE;
				CLANG_WARN_UNREACHABLE_CODE = YES;
				CLANG_WARN__DUPLICATE_METHOD_MATCH = YES;
				CODE_SIGN_IDENTITY = "iPhone Developer";
				COPY_PHASE_STRIP = NO;
				DEBUG_INFORMATION_FORMAT = dwarf;
				ENABLE_STRICT_OBJC_MSGSEND = YES;
				ENABLE_TESTABILITY = YES;
				GCC_C_LANGUAGE_STANDARD = gnu11;
				GCC_DYNAMIC_NO_PIC = NO;
				GCC_NO_COMMON_BLOCKS = YES;
				GCC_OPTIMIZATION_LEVEL = 0;
				GCC_PREPROCESSOR_DEFINITIONS = (
					"DEBUG=1",
					"$(inherited)",
				);
				GCC_WARN_64_TO_32_BIT_CONVERSION = YES;
				GCC_WARN_ABOUT_RETURN_TYPE = YES_ERROR;
				GCC_WARN_UNDECLARED_SELECTOR = YES;
				GCC_WARN_UNINITIALIZED_AUTOS = YES_AGGRESSIVE;
				GCC_WARN_UNUSED_FUNCTION = YES;
				GCC_WARN_UNUSED_VARIABLE = YES;
				IPHONEOS_DEPLOYMENT_TARGET = 11.4;
				MTL_ENABLE_DEBUG_INFO = YES;
				ONLY_ACTIVE_ARCH = YES;
				SDKROOT = iphoneos;
				SWIFT_ACTIVE_COMPILATION_CONDITIONS = DEBUG;
				SWIFT_OPTIMIZATION_LEVEL = "-Onone";
			};
			name = Debug;
		};
		CA8A051F210ED683009B0850 /* Release */ = {
			isa = XCBuildConfiguration;
			buildSettings = {
				ALWAYS_SEARCH_USER_PATHS = NO;
				CLANG_ANALYZER_NONNULL = YES;
				CLANG_ANALYZER_NUMBER_OBJECT_CONVERSION = YES_AGGRESSIVE;
				CLANG_CXX_LANGUAGE_STANDARD = "gnu++14";
				CLANG_CXX_LIBRARY = "libc++";
				CLANG_ENABLE_MODULES = YES;
				CLANG_ENABLE_OBJC_ARC = YES;
				CLANG_ENABLE_OBJC_WEAK = YES;
				CLANG_WARN_BLOCK_CAPTURE_AUTORELEASING = YES;
				CLANG_WARN_BOOL_CONVERSION = YES;
				CLANG_WARN_COMMA = YES;
				CLANG_WARN_CONSTANT_CONVERSION = YES;
				CLANG_WARN_DEPRECATED_OBJC_IMPLEMENTATIONS = YES;
				CLANG_WARN_DIRECT_OBJC_ISA_USAGE = YES_ERROR;
				CLANG_WARN_DOCUMENTATION_COMMENTS = YES;
				CLANG_WARN_EMPTY_BODY = YES;
				CLANG_WARN_ENUM_CONVERSION = YES;
				CLANG_WARN_INFINITE_RECURSION = YES;
				CLANG_WARN_INT_CONVERSION = YES;
				CLANG_WARN_NON_LITERAL_NULL_CONVERSION = YES;
				CLANG_WARN_OBJC_IMPLICIT_RETAIN_SELF = YES;
				CLANG_WARN_OBJC_LITERAL_CONVERSION = YES;
				CLANG_WARN_OBJC_ROOT_CLASS = YES_ERROR;
				CLANG_WARN_RANGE_LOOP_ANALYSIS = YES;
				CLANG_WARN_STRICT_PROTOTYPES = YES;
				CLANG_WARN_SUSPICIOUS_MOVE = YES;
				CLANG_WARN_UNGUARDED_AVAILABILITY = YES_AGGRESSIVE;
				CLANG_WARN_UNREACHABLE_CODE = YES;
				CLANG_WARN__DUPLICATE_METHOD_MATCH = YES;
				CODE_SIGN_IDENTITY = "iPhone Developer";
				COPY_PHASE_STRIP = NO;
				DEBUG_INFORMATION_FORMAT = "dwarf-with-dsym";
				ENABLE_NS_ASSERTIONS = NO;
				ENABLE_STRICT_OBJC_MSGSEND = YES;
				GCC_C_LANGUAGE_STANDARD = gnu11;
				GCC_NO_COMMON_BLOCKS = YES;
				GCC_WARN_64_TO_32_BIT_CONVERSION = YES;
				GCC_WARN_ABOUT_RETURN_TYPE = YES_ERROR;
				GCC_WARN_UNDECLARED_SELECTOR = YES;
				GCC_WARN_UNINITIALIZED_AUTOS = YES_AGGRESSIVE;
				GCC_WARN_UNUSED_FUNCTION = YES;
				GCC_WARN_UNUSED_VARIABLE = YES;
				IPHONEOS_DEPLOYMENT_TARGET = 11.4;
				MTL_ENABLE_DEBUG_INFO = NO;
				SDKROOT = iphoneos;
				SWIFT_COMPILATION_MODE = wholemodule;
				SWIFT_OPTIMIZATION_LEVEL = "-O";
				VALIDATE_PRODUCT = YES;
			};
			name = Release;
		};
		CA8A0521210ED683009B0850 /* Debug */ = {
			isa = XCBuildConfiguration;
			buildSettings = {
				ASSETCATALOG_COMPILER_APPICON_NAME = AppIcon;
				CODE_SIGN_STYLE = Automatic;
				INFOPLIST_FILE = "Dad Jokes/Info.plist";
				LD_RUNPATH_SEARCH_PATHS = (
					"$(inherited)",
					"@executable_path/Frameworks",
				);
				PRODUCT_BUNDLE_IDENTIFIER = "io.vphong.Dad-Jokes";
				PRODUCT_NAME = "$(TARGET_NAME)";
				SWIFT_VERSION = 4.0;
				TARGETED_DEVICE_FAMILY = "1,2";
			};
			name = Debug;
		};
		CA8A0522210ED683009B0850 /* Release */ = {
			isa = XCBuildConfiguration;
			buildSettings = {
				ASSETCATALOG_COMPILER_APPICON_NAME = AppIcon;
				CODE_SIGN_STYLE = Automatic;
				INFOPLIST_FILE = "Dad Jokes/Info.plist";
				LD_RUNPATH_SEARCH_PATHS = (
					"$(inherited)",
					"@executable_path/Frameworks",
				);
				PRODUCT_BUNDLE_IDENTIFIER = "io.vphong.Dad-Jokes";
				PRODUCT_NAME = "$(TARGET_NAME)";
				SWIFT_VERSION = 4.0;
				TARGETED_DEVICE_FAMILY = "1,2";
			};
			name = Release;
		};
		CA8A0524210ED683009B0850 /* Debug */ = {
			isa = XCBuildConfiguration;
			buildSettings = {
				ALWAYS_EMBED_SWIFT_STANDARD_LIBRARIES = YES;
				BUNDLE_LOADER = "$(TEST_HOST)";
				CODE_SIGN_STYLE = Automatic;
				INFOPLIST_FILE = "Dad JokesTests/Info.plist";
				LD_RUNPATH_SEARCH_PATHS = (
					"$(inherited)",
					"@executable_path/Frameworks",
					"@loader_path/Frameworks",
				);
				PRODUCT_BUNDLE_IDENTIFIER = "io.vphong.Dad-JokesTests";
				PRODUCT_NAME = "$(TARGET_NAME)";
				SWIFT_VERSION = 4.0;
				TARGETED_DEVICE_FAMILY = "1,2";
				TEST_HOST = "$(BUILT_PRODUCTS_DIR)/Dad Jokes.app/Dad Jokes";
			};
			name = Debug;
		};
		CA8A0525210ED683009B0850 /* Release */ = {
			isa = XCBuildConfiguration;
			buildSettings = {
				ALWAYS_EMBED_SWIFT_STANDARD_LIBRARIES = YES;
				BUNDLE_LOADER = "$(TEST_HOST)";
				CODE_SIGN_STYLE = Automatic;
				INFOPLIST_FILE = "Dad JokesTests/Info.plist";
				LD_RUNPATH_SEARCH_PATHS = (
					"$(inherited)",
					"@executable_path/Frameworks",
					"@loader_path/Frameworks",
				);
				PRODUCT_BUNDLE_IDENTIFIER = "io.vphong.Dad-JokesTests";
				PRODUCT_NAME = "$(TARGET_NAME)";
				SWIFT_VERSION = 4.0;
				TARGETED_DEVICE_FAMILY = "1,2";
				TEST_HOST = "$(BUILT_PRODUCTS_DIR)/Dad Jokes.app/Dad Jokes";
			};
			name = Release;
		};
		CA8A0527210ED683009B0850 /* Debug */ = {
			isa = XCBuildConfiguration;
			buildSettings = {
				ALWAYS_EMBED_SWIFT_STANDARD_LIBRARIES = YES;
				CODE_SIGN_STYLE = Automatic;
				INFOPLIST_FILE = "Dad JokesUITests/Info.plist";
				LD_RUNPATH_SEARCH_PATHS = (
					"$(inherited)",
					"@executable_path/Frameworks",
					"@loader_path/Frameworks",
				);
				PRODUCT_BUNDLE_IDENTIFIER = "io.vphong.Dad-JokesUITests";
				PRODUCT_NAME = "$(TARGET_NAME)";
				SWIFT_VERSION = 4.0;
				TARGETED_DEVICE_FAMILY = "1,2";
				TEST_TARGET_NAME = "Dad Jokes";
			};
			name = Debug;
		};
		CA8A0528210ED683009B0850 /* Release */ = {
			isa = XCBuildConfiguration;
			buildSettings = {
				ALWAYS_EMBED_SWIFT_STANDARD_LIBRARIES = YES;
				CODE_SIGN_STYLE = Automatic;
				INFOPLIST_FILE = "Dad JokesUITests/Info.plist";
				LD_RUNPATH_SEARCH_PATHS = (
					"$(inherited)",
					"@executable_path/Frameworks",
					"@loader_path/Frameworks",
				);
				PRODUCT_BUNDLE_IDENTIFIER = "io.vphong.Dad-JokesUITests";
				PRODUCT_NAME = "$(TARGET_NAME)";
				SWIFT_VERSION = 4.0;
				TARGETED_DEVICE_FAMILY = "1,2";
				TEST_TARGET_NAME = "Dad Jokes";
			};
			name = Release;
		};
/* End XCBuildConfiguration section */

/* Begin XCConfigurationList section */
		CA8A04F3210ED680009B0850 /* Build configuration list for PBXProject "Dad Jokes" */ = {
			isa = XCConfigurationList;
			buildConfigurations = (
				CA8A051E210ED683009B0850 /* Debug */,
				CA8A051F210ED683009B0850 /* Release */,
			);
			defaultConfigurationIsVisible = 0;
			defaultConfigurationName = Release;
		};
		CA8A0520210ED683009B0850 /* Build configuration list for PBXNativeTarget "Dad Jokes" */ = {
			isa = XCConfigurationList;
			buildConfigurations = (
				CA8A0521210ED683009B0850 /* Debug */,
				CA8A0522210ED683009B0850 /* Release */,
			);
			defaultConfigurationIsVisible = 0;
			defaultConfigurationName = Release;
		};
		CA8A0523210ED683009B0850 /* Build configuration list for PBXNativeTarget "Dad JokesTests" */ = {
			isa = XCConfigurationList;
			buildConfigurations = (
				CA8A0524210ED683009B0850 /* Debug */,
				CA8A0525210ED683009B0850 /* Release */,
			);
			defaultConfigurationIsVisible = 0;
			defaultConfigurationName = Release;
		};
		CA8A0526210ED683009B0850 /* Build configuration list for PBXNativeTarget "Dad JokesUITests" */ = {
			isa = XCConfigurationList;
			buildConfigurations = (
				CA8A0527210ED683009B0850 /* Debug */,
				CA8A0528210ED683009B0850 /* Release */,
			);
			defaultConfigurationIsVisible = 0;
			defaultConfigurationName = Release;
		};
/* End XCConfigurationList section */
	};
	rootObject = CA8A04F0210ED680009B0850 /* Project object */;
}
